# This file is automatically @generated by Wally.
# It is not intended for manual editing.
registry = "test"

[[package]]
name = "ffrostfall/crunchyroll"
version = "0.1.0"
dependencies = []

[[package]]
name = "user/crunchyroll-animation-player"
version = "0.1.0"
dependencies = [["crunchyroll", "ffrostfall/crunchyroll@0.1.0"]]
